
Microsoft Visual Studio Solution File, Format Version 12.00
# Visual Studio Version 16
VisualStudioVersion = 16.0.33130.400
MinimumVisualStudioVersion = 10.0.40219.1
Project("{888888A0-9F3D-457C-B088-3A5042F75D52}") = "Python sorting with bubble sort", "Python sorting with bubble sort\Python sorting with bubble sort.pyproj", "{A6AD56A4-9F2F-4233-9752-118EF4EB49A4}"
EndProject
Global
	GlobalSection(SolutionConfigurationPlatforms) = preSolution
		Debug|Any CPU = Debug|Any CPU
		Release|Any CPU = Release|Any CPU
	EndGlobalSection
	GlobalSection(ProjectConfigurationPlatforms) = postSolution
		{A6AD56A4-9F2F-4233-9752-118EF4EB49A4}.Debug|Any CPU.ActiveCfg = Debug|Any CPU
		{A6AD56A4-9F2F-4233-9752-118EF4EB49A4}.Release|Any CPU.ActiveCfg = Release|Any CPU
	EndGlobalSection
	GlobalSection(SolutionProperties) = preSolution
		HideSolutionNode = FALSE
	EndGlobalSection
	GlobalSection(ExtensibilityGlobals) = postSolution
		SolutionGuid = {00D72A94-AAB0-47D7-B54B-B7A0F1F49500}
	EndGlobalSection
EndGlobal
